// !$*UTF8*$!
{
	archiveVersion = 1;
	classes = {
	};
	objectVersion = 70;
	objects = {

/* Begin PBXBuildFile section */
		1D0D98A82D07683800ACB167 /* BaseCollectionViewCell.swift in Sources */ = {isa = PBXBuildFile; fileRef = 1D0D98A22D07683800ACB167 /* BaseCollectionViewCell.swift */; };
		1D0D98A92D07683800ACB167 /* BaseRxCollectionView.swift in Sources */ = {isa = PBXBuildFile; fileRef = 1D0D98A32D07683800ACB167 /* BaseRxCollectionView.swift */; };
		1D0D98AA2D07683800ACB167 /* CommonViewModelType.swift in Sources */ = {isa = PBXBuildFile; fileRef = 1D0D98A42D07683800ACB167 /* CommonViewModelType.swift */; };
		1D0D98AC2D07683800ACB167 /* ViewModelBindableType.swift in Sources */ = {isa = PBXBuildFile; fileRef = 1D0D98A62D07683800ACB167 /* ViewModelBindableType.swift */; };
		1D0D98B02D0846F100ACB167 /* Thumbnail.swift in Sources */ = {isa = PBXBuildFile; fileRef = 1D0D98AF2D0846F100ACB167 /* Thumbnail.swift */; };
		1D0D98B32D09ABFA00ACB167 /* Swinject in Frameworks */ = {isa = PBXBuildFile; productRef = 1D0D98B22D09ABFA00ACB167 /* Swinject */; };
		1D1F213F2D075B3A00D4A3E5 /* Entity_test.swift in Sources */ = {isa = PBXBuildFile; fileRef = 1D1F213E2D075B3A00D4A3E5 /* Entity_test.swift */; };
		1D1F21412D075B4600D4A3E5 /* Usecase_test.swift in Sources */ = {isa = PBXBuildFile; fileRef = 1D1F21402D075B4600D4A3E5 /* Usecase_test.swift */; };
		1D1F21432D075B4E00D4A3E5 /* RepositoryInterface_test.swift in Sources */ = {isa = PBXBuildFile; fileRef = 1D1F21422D075B4E00D4A3E5 /* RepositoryInterface_test.swift */; };
		1D1F21452D075E5E00D4A3E5 /* Repository_test.swift in Sources */ = {isa = PBXBuildFile; fileRef = 1D1F21442D075E5E00D4A3E5 /* Repository_test.swift */; };
		1D24D6012CF7F3B6006157FD /* TagView.swift in Sources */ = {isa = PBXBuildFile; fileRef = 1D24D6002CF7F3B5006157FD /* TagView.swift */; };
		1D24D6032CF7F46C006157FD /* ThumbnailView.swift in Sources */ = {isa = PBXBuildFile; fileRef = 1D24D6022CF7F46C006157FD /* ThumbnailView.swift */; };
		1D5D33922D0D8D1500559069 /* HeaderUtils.swift in Sources */ = {isa = PBXBuildFile; fileRef = 1D5D33912D0D8D1500559069 /* HeaderUtils.swift */; };
		1D5D33942D0D8D7000559069 /* GetServiceRx.swift in Sources */ = {isa = PBXBuildFile; fileRef = 1D5D33932D0D8D7000559069 /* GetServiceRx.swift */; };
		1D5D33962D0D8DA100559069 /* ErrorType.swift in Sources */ = {isa = PBXBuildFile; fileRef = 1D5D33952D0D8DA100559069 /* ErrorType.swift */; };
		1D5D33982D0D8E3700559069 /* ErrorCode.swift in Sources */ = {isa = PBXBuildFile; fileRef = 1D5D33972D0D8E3700559069 /* ErrorCode.swift */; };
		1D5D339A2D0EDE8A00559069 /* DIContainer.swift in Sources */ = {isa = PBXBuildFile; fileRef = 1D5D33992D0EDE8A00559069 /* DIContainer.swift */; };
		1D7BB1E22CF472C00023AC1C /* Kingfisher in Frameworks */ = {isa = PBXBuildFile; productRef = 1D7BB1E12CF472C00023AC1C /* Kingfisher */; };
		1D7BB1E52CF472CE0023AC1C /* SnapKit in Frameworks */ = {isa = PBXBuildFile; productRef = 1D7BB1E42CF472CE0023AC1C /* SnapKit */; };
		1D7BB1ED2CF475280023AC1C /* DesignSystem in Frameworks */ = {isa = PBXBuildFile; productRef = 1D7BB1EC2CF475280023AC1C /* DesignSystem */; };
		1D7BB1F12CF5C5FC0023AC1C /* MypageViewController.swift in Sources */ = {isa = PBXBuildFile; fileRef = 1D7BB1F02CF5C5FC0023AC1C /* MypageViewController.swift */; };
		1D7BB1F32CF5C6020023AC1C /* MypageViewModel.swift in Sources */ = {isa = PBXBuildFile; fileRef = 1D7BB1F22CF5C6020023AC1C /* MypageViewModel.swift */; };
		1D7BB2002CF5D7AC0023AC1C /* RxCocoa in Frameworks */ = {isa = PBXBuildFile; productRef = 1D7BB1FF2CF5D7AC0023AC1C /* RxCocoa */; };
		1D8067C82D00751A002456FD /* Config.swift in Sources */ = {isa = PBXBuildFile; fileRef = 1D8067C72D00751A002456FD /* Config.swift */; };
		1D8067CA2D00776C002456FD /* NetworkResult.swift in Sources */ = {isa = PBXBuildFile; fileRef = 1D8067C92D00776C002456FD /* NetworkResult.swift */; };
		1D8067CC2D0077E1002456FD /* BaseResponse.swift in Sources */ = {isa = PBXBuildFile; fileRef = 1D8067CB2D0077E1002456FD /* BaseResponse.swift */; };
		1D8067CE2D0077F8002456FD /* Encodable.swift in Sources */ = {isa = PBXBuildFile; fileRef = 1D8067CD2D0077F8002456FD /* Encodable.swift */; };
		1D8067D02D007829002456FD /* GeneralResponse.swift in Sources */ = {isa = PBXBuildFile; fileRef = 1D8067CF2D007829002456FD /* GeneralResponse.swift */; };
		1D8067D22D007856002456FD /* NetworkConstant.swift in Sources */ = {isa = PBXBuildFile; fileRef = 1D8067D12D007856002456FD /* NetworkConstant.swift */; };
		1D8067D42D007874002456FD /* MoyaLoggerPlugin.swift in Sources */ = {isa = PBXBuildFile; fileRef = 1D8067D32D007874002456FD /* MoyaLoggerPlugin.swift */; };
		1D8067D62D0078B7002456FD /* URLConstant.swift in Sources */ = {isa = PBXBuildFile; fileRef = 1D8067D52D0078B7002456FD /* URLConstant.swift */; };
		1D8067DA2D007DB2002456FD /* Service_test.swift in Sources */ = {isa = PBXBuildFile; fileRef = 1D8067D92D007DB2002456FD /* Service_test.swift */; };
		1D8067DC2D007EC7002456FD /* API_test.swift in Sources */ = {isa = PBXBuildFile; fileRef = 1D8067DB2D007EC7002456FD /* API_test.swift */; };
		1D8067E02D008062002456FD /* CustomMoyaProvider.swift in Sources */ = {isa = PBXBuildFile; fileRef = 1D8067DF2D008062002456FD /* CustomMoyaProvider.swift */; };
		1D999D452CE0BADA004A4029 /* AppDelegate.swift in Sources */ = {isa = PBXBuildFile; fileRef = 1D999D442CE0BADA004A4029 /* AppDelegate.swift */; };
		1D999D472CE0BADA004A4029 /* SceneDelegate.swift in Sources */ = {isa = PBXBuildFile; fileRef = 1D999D462CE0BADA004A4029 /* SceneDelegate.swift */; };
		1D999D492CE0BADA004A4029 /* ViewController.swift in Sources */ = {isa = PBXBuildFile; fileRef = 1D999D482CE0BADA004A4029 /* ViewController.swift */; };
		1D999D512CE0BADC004A4029 /* Base in Resources */ = {isa = PBXBuildFile; fileRef = 1D999D502CE0BADC004A4029 /* Base */; };
		1D999D7B2CE11337004A4029 /* UIView+.swift in Sources */ = {isa = PBXBuildFile; fileRef = 1D999D7A2CE11337004A4029 /* UIView+.swift */; };
		1D999D7D2CE113A7004A4029 /* Date+.swift in Sources */ = {isa = PBXBuildFile; fileRef = 1D999D7C2CE113A7004A4029 /* Date+.swift */; };
		1D999D7F2CE113E8004A4029 /* String+.swift in Sources */ = {isa = PBXBuildFile; fileRef = 1D999D7E2CE113E8004A4029 /* String+.swift */; };
		1D999D812CE11466004A4029 /* URL+.swift in Sources */ = {isa = PBXBuildFile; fileRef = 1D999D802CE11466004A4029 /* URL+.swift */; };
		1D999D832CE1148F004A4029 /* UIViewController+.swift in Sources */ = {isa = PBXBuildFile; fileRef = 1D999D822CE1148F004A4029 /* UIViewController+.swift */; };
		1D999D852CE114DE004A4029 /* UIStackView+.swift in Sources */ = {isa = PBXBuildFile; fileRef = 1D999D842CE114DE004A4029 /* UIStackView+.swift */; };
		1D999D872CE1151B004A4029 /* UILabel+.swift in Sources */ = {isa = PBXBuildFile; fileRef = 1D999D862CE1151B004A4029 /* UILabel+.swift */; };
		1D999D892CE11582004A4029 /* UIButton+.swift in Sources */ = {isa = PBXBuildFile; fileRef = 1D999D882CE11582004A4029 /* UIButton+.swift */; };
		1D999D8B2CE115B8004A4029 /* UITextField+.swift in Sources */ = {isa = PBXBuildFile; fileRef = 1D999D8A2CE115B8004A4029 /* UITextField+.swift */; };
		1D999D8D2CE115EF004A4029 /* adjusted+.swift in Sources */ = {isa = PBXBuildFile; fileRef = 1D999D8C2CE115EF004A4029 /* adjusted+.swift */; };
		1D999D8F2CE11618004A4029 /* NSObject+.swift in Sources */ = {isa = PBXBuildFile; fileRef = 1D999D8E2CE11618004A4029 /* NSObject+.swift */; };
		1D999D912CE11797004A4029 /* TabBarController.swift in Sources */ = {isa = PBXBuildFile; fileRef = 1D999D902CE11797004A4029 /* TabBarController.swift */; };
		1DB5B76F2D0AFABB00E80768 /* RxMoya in Frameworks */ = {isa = PBXBuildFile; productRef = 1DB5B76E2D0AFABB00E80768 /* RxMoya */; };
		1DB5B7742D0AFEBA00E80768 /* Sentry in Frameworks */ = {isa = PBXBuildFile; productRef = 1DB5B7732D0AFEBA00E80768 /* Sentry */; };
		1DB5B7782D0AFEBA00E80768 /* SentrySwiftUI in Frameworks */ = {isa = PBXBuildFile; productRef = 1DB5B7772D0AFEBA00E80768 /* SentrySwiftUI */; };
		1DDA3FA32CF384440001EA85 /* TabBarItem.swift in Sources */ = {isa = PBXBuildFile; fileRef = 1DDA3FA22CF384440001EA85 /* TabBarItem.swift */; };
		1DE135572CF882CB00D9F469 /* Differentiator in Frameworks */ = {isa = PBXBuildFile; productRef = 1DE135562CF882CB00D9F469 /* Differentiator */; };
		1DE135592CF882CB00D9F469 /* RxDataSources in Frameworks */ = {isa = PBXBuildFile; productRef = 1DE135582CF882CB00D9F469 /* RxDataSources */; };
		1DE1355B2CF890E500D9F469 /* ThirdView.swift in Sources */ = {isa = PBXBuildFile; fileRef = 1DE1355A2CF890E500D9F469 /* ThirdView.swift */; };
		1DE1355D2CFB1FC600D9F469 /* HeaderView.swift in Sources */ = {isa = PBXBuildFile; fileRef = 1DE1355C2CFB1FC600D9F469 /* HeaderView.swift */; };
		1DFB78F32D0085E600534317 /* Moya in Frameworks */ = {isa = PBXBuildFile; productRef = 1DFB78F22D0085E600534317 /* Moya */; };
		78956D072D185CBD0074D80B /* Then in Frameworks */ = {isa = PBXBuildFile; productRef = 78956D062D185CBD0074D80B /* Then */; };
		78C002472D1EA01600DA101C /* MovieView.swift in Sources */ = {isa = PBXBuildFile; fileRef = 78C002452D1EA01600DA101C /* MovieView.swift */; };
		78C002482D1EA01600DA101C /* MovieViewController.swift in Sources */ = {isa = PBXBuildFile; fileRef = 78C0023E2D1EA01600DA101C /* MovieViewController.swift */; };
		78C002492D1EA01600DA101C /* MoviewViewModel.swift in Sources */ = {isa = PBXBuildFile; fileRef = 78C002432D1EA01600DA101C /* MoviewViewModel.swift */; };
		78C0024A2D1EA01600DA101C /* MovieCell.swift in Sources */ = {isa = PBXBuildFile; fileRef = 78C0023C2D1EA01600DA101C /* MovieCell.swift */; };
		78C0024B2D1EA01600DA101C /* MoviePresentationMapper.swift in Sources */ = {isa = PBXBuildFile; fileRef = 78C002382D1EA01600DA101C /* MoviePresentationMapper.swift */; };
		78C0024C2D1EA01600DA101C /* ModelPresentationModel.swift in Sources */ = {isa = PBXBuildFile; fileRef = 78C0023A2D1EA01600DA101C /* ModelPresentationModel.swift */; };
		78C0024D2D1EA01600DA101C /* ServiceType.swift in Sources */ = {isa = PBXBuildFile; fileRef = 78C002362D1EA01600DA101C /* ServiceType.swift */; };
		78C0024E2D1EA01600DA101C /* BoxOfficeDTO.swift in Sources */ = {isa = PBXBuildFile; fileRef = 78C002242D1EA01600DA101C /* BoxOfficeDTO.swift */; };
		78C0024F2D1EA01600DA101C /* MovieRepository.swift in Sources */ = {isa = PBXBuildFile; fileRef = 78C002302D1EA01600DA101C /* MovieRepository.swift */; };
		78C002502D1EA01600DA101C /* FetchMoviesUseCase.swift in Sources */ = {isa = PBXBuildFile; fileRef = 78C002322D1EA01600DA101C /* FetchMoviesUseCase.swift */; };
		78C002512D1EA01600DA101C /* Model.swift in Sources */ = {isa = PBXBuildFile; fileRef = 78C0022E2D1EA01600DA101C /* Model.swift */; };
		78C002522D1EA01600DA101C /* BoxOfficeAPI.swift in Sources */ = {isa = PBXBuildFile; fileRef = 78C002282D1EA01600DA101C /* BoxOfficeAPI.swift */; };
		78C002532D1EA01600DA101C /* BoxOfficeMapper.swift in Sources */ = {isa = PBXBuildFile; fileRef = 78C002262D1EA01600DA101C /* BoxOfficeMapper.swift */; };
		78C002542D1EA01600DA101C /* BoxOfficeNetworkService.swift in Sources */ = {isa = PBXBuildFile; fileRef = 78C002292D1EA01600DA101C /* BoxOfficeNetworkService.swift */; };
		78C002552D1EA01600DA101C /* DefaultMovieRepository.swift in Sources */ = {isa = PBXBuildFile; fileRef = 78C0022B2D1EA01600DA101C /* DefaultMovieRepository.swift */; };
		78C002562D1EA01600DA101C /* MovieViewModel.swift in Sources */ = {isa = PBXBuildFile; fileRef = 78C002402D1EA01600DA101C /* MovieViewModel.swift */; };
		78C002572D1EA01600DA101C /* BoxOfficeTargetType.swift in Sources */ = {isa = PBXBuildFile; fileRef = 78C002352D1EA01600DA101C /* BoxOfficeTargetType.swift */; };
/* End PBXBuildFile section */

/* Begin PBXContainerItemProxy section */
		1D8917162D22C90D00FC5F77 /* PBXContainerItemProxy */ = {
			isa = PBXContainerItemProxy;
			containerPortal = 1D999D392CE0BADA004A4029 /* Project object */;
			proxyType = 1;
			remoteGlobalIDString = 1D999D402CE0BADA004A4029;
			remoteInfo = Buttwink;
		};
/* End PBXContainerItemProxy section */

/* Begin PBXCopyFilesBuildPhase section */
		1D7BB2042CF5D7AC0023AC1C /* Embed Frameworks */ = {
			isa = PBXCopyFilesBuildPhase;
			buildActionMask = 2147483647;
			dstPath = "";
			dstSubfolderSpec = 10;
			files = (
			);
			name = "Embed Frameworks";
			runOnlyForDeploymentPostprocessing = 0;
		};
/* End PBXCopyFilesBuildPhase section */

/* Begin PBXFileReference section */
		1D0D98A22D07683800ACB167 /* BaseCollectionViewCell.swift */ = {isa = PBXFileReference; fileEncoding = 4; lastKnownFileType = sourcecode.swift; path = BaseCollectionViewCell.swift; sourceTree = "<group>"; };
		1D0D98A32D07683800ACB167 /* BaseRxCollectionView.swift */ = {isa = PBXFileReference; fileEncoding = 4; lastKnownFileType = sourcecode.swift; path = BaseRxCollectionView.swift; sourceTree = "<group>"; };
		1D0D98A42D07683800ACB167 /* CommonViewModelType.swift */ = {isa = PBXFileReference; fileEncoding = 4; lastKnownFileType = sourcecode.swift; path = CommonViewModelType.swift; sourceTree = "<group>"; };
		1D0D98A62D07683800ACB167 /* ViewModelBindableType.swift */ = {isa = PBXFileReference; fileEncoding = 4; lastKnownFileType = sourcecode.swift; path = ViewModelBindableType.swift; sourceTree = "<group>"; };
		1D0D98AF2D0846F100ACB167 /* Thumbnail.swift */ = {isa = PBXFileReference; lastKnownFileType = sourcecode.swift; path = Thumbnail.swift; sourceTree = "<group>"; };
		1D1F213E2D075B3A00D4A3E5 /* Entity_test.swift */ = {isa = PBXFileReference; lastKnownFileType = sourcecode.swift; path = Entity_test.swift; sourceTree = "<group>"; };
		1D1F21402D075B4600D4A3E5 /* Usecase_test.swift */ = {isa = PBXFileReference; lastKnownFileType = sourcecode.swift; path = Usecase_test.swift; sourceTree = "<group>"; };
		1D1F21422D075B4E00D4A3E5 /* RepositoryInterface_test.swift */ = {isa = PBXFileReference; lastKnownFileType = sourcecode.swift; path = RepositoryInterface_test.swift; sourceTree = "<group>"; };
		1D1F21442D075E5E00D4A3E5 /* Repository_test.swift */ = {isa = PBXFileReference; lastKnownFileType = sourcecode.swift; path = Repository_test.swift; sourceTree = "<group>"; };
		1D24D6002CF7F3B5006157FD /* TagView.swift */ = {isa = PBXFileReference; lastKnownFileType = sourcecode.swift; path = TagView.swift; sourceTree = "<group>"; };
		1D24D6022CF7F46C006157FD /* ThumbnailView.swift */ = {isa = PBXFileReference; lastKnownFileType = sourcecode.swift; path = ThumbnailView.swift; sourceTree = "<group>"; };
		1D5D33912D0D8D1500559069 /* HeaderUtils.swift */ = {isa = PBXFileReference; lastKnownFileType = sourcecode.swift; name = HeaderUtils.swift; path = Buttwink/HeaderUtils.swift; sourceTree = SOURCE_ROOT; };
		1D5D33932D0D8D7000559069 /* GetServiceRx.swift */ = {isa = PBXFileReference; lastKnownFileType = sourcecode.swift; name = GetServiceRx.swift; path = Buttwink/GetServiceRx.swift; sourceTree = SOURCE_ROOT; };
		1D5D33952D0D8DA100559069 /* ErrorType.swift */ = {isa = PBXFileReference; lastKnownFileType = sourcecode.swift; name = ErrorType.swift; path = Buttwink/ErrorType.swift; sourceTree = SOURCE_ROOT; };
		1D5D33972D0D8E3700559069 /* ErrorCode.swift */ = {isa = PBXFileReference; lastKnownFileType = sourcecode.swift; name = ErrorCode.swift; path = Buttwink/ErrorCode.swift; sourceTree = SOURCE_ROOT; };
		1D5D33992D0EDE8A00559069 /* DIContainer.swift */ = {isa = PBXFileReference; lastKnownFileType = sourcecode.swift; path = DIContainer.swift; sourceTree = "<group>"; };
		1D7BB1F02CF5C5FC0023AC1C /* MypageViewController.swift */ = {isa = PBXFileReference; lastKnownFileType = sourcecode.swift; path = MypageViewController.swift; sourceTree = "<group>"; };
		1D7BB1F22CF5C6020023AC1C /* MypageViewModel.swift */ = {isa = PBXFileReference; lastKnownFileType = sourcecode.swift; path = MypageViewModel.swift; sourceTree = "<group>"; };
		1D8067C72D00751A002456FD /* Config.swift */ = {isa = PBXFileReference; lastKnownFileType = sourcecode.swift; path = Config.swift; sourceTree = "<group>"; };
		1D8067C92D00776C002456FD /* NetworkResult.swift */ = {isa = PBXFileReference; lastKnownFileType = sourcecode.swift; name = NetworkResult.swift; path = Buttwink/Resource/NetworkResult.swift; sourceTree = SOURCE_ROOT; };
		1D8067CB2D0077E1002456FD /* BaseResponse.swift */ = {isa = PBXFileReference; lastKnownFileType = sourcecode.swift; name = BaseResponse.swift; path = Buttwink/Resource/BaseResponse.swift; sourceTree = SOURCE_ROOT; };
		1D8067CD2D0077F8002456FD /* Encodable.swift */ = {isa = PBXFileReference; lastKnownFileType = sourcecode.swift; name = Encodable.swift; path = Buttwink/Resource/Encodable.swift; sourceTree = SOURCE_ROOT; };
		1D8067CF2D007829002456FD /* GeneralResponse.swift */ = {isa = PBXFileReference; lastKnownFileType = sourcecode.swift; name = GeneralResponse.swift; path = Buttwink/Resource/GeneralResponse.swift; sourceTree = SOURCE_ROOT; };
		1D8067D12D007856002456FD /* NetworkConstant.swift */ = {isa = PBXFileReference; lastKnownFileType = sourcecode.swift; name = NetworkConstant.swift; path = Buttwink/Resource/NetworkConstant.swift; sourceTree = SOURCE_ROOT; };
		1D8067D32D007874002456FD /* MoyaLoggerPlugin.swift */ = {isa = PBXFileReference; lastKnownFileType = sourcecode.swift; name = MoyaLoggerPlugin.swift; path = Buttwink/Resource/MoyaLoggerPlugin.swift; sourceTree = SOURCE_ROOT; };
		1D8067D52D0078B7002456FD /* URLConstant.swift */ = {isa = PBXFileReference; lastKnownFileType = sourcecode.swift; name = URLConstant.swift; path = Buttwink/Resource/URLConstant.swift; sourceTree = SOURCE_ROOT; };
		1D8067D92D007DB2002456FD /* Service_test.swift */ = {isa = PBXFileReference; lastKnownFileType = sourcecode.swift; name = Service_test.swift; path = Buttwink/Service_test.swift; sourceTree = SOURCE_ROOT; };
		1D8067DB2D007EC7002456FD /* API_test.swift */ = {isa = PBXFileReference; lastKnownFileType = sourcecode.swift; name = API_test.swift; path = Buttwink/API_test.swift; sourceTree = SOURCE_ROOT; };
		1D8067DF2D008062002456FD /* CustomMoyaProvider.swift */ = {isa = PBXFileReference; lastKnownFileType = sourcecode.swift; name = CustomMoyaProvider.swift; path = Buttwink/Resource/CustomMoyaProvider.swift; sourceTree = SOURCE_ROOT; };
		1D8917122D22C90C00FC5F77 /* ButtwinkTests.xctest */ = {isa = PBXFileReference; explicitFileType = wrapper.cfbundle; includeInIndex = 0; path = ButtwinkTests.xctest; sourceTree = BUILT_PRODUCTS_DIR; };
		1D999D412CE0BADA004A4029 /* Buttwink.app */ = {isa = PBXFileReference; explicitFileType = wrapper.application; includeInIndex = 0; path = Buttwink.app; sourceTree = BUILT_PRODUCTS_DIR; };
		1D999D442CE0BADA004A4029 /* AppDelegate.swift */ = {isa = PBXFileReference; lastKnownFileType = sourcecode.swift; path = AppDelegate.swift; sourceTree = "<group>"; };
		1D999D462CE0BADA004A4029 /* SceneDelegate.swift */ = {isa = PBXFileReference; lastKnownFileType = sourcecode.swift; path = SceneDelegate.swift; sourceTree = "<group>"; };
		1D999D482CE0BADA004A4029 /* ViewController.swift */ = {isa = PBXFileReference; lastKnownFileType = sourcecode.swift; path = ViewController.swift; sourceTree = "<group>"; };
		1D999D4B2CE0BADA004A4029 /* Base */ = {isa = PBXFileReference; lastKnownFileType = file.storyboard; name = Base; path = Base.lproj/Main.storyboard; sourceTree = "<group>"; };
		1D999D502CE0BADC004A4029 /* Base */ = {isa = PBXFileReference; lastKnownFileType = file.storyboard; name = Base; path = Base.lproj/LaunchScreen.storyboard; sourceTree = "<group>"; };
		1D999D522CE0BADC004A4029 /* Info.plist */ = {isa = PBXFileReference; lastKnownFileType = text.plist.xml; path = Info.plist; sourceTree = "<group>"; };
		1D999D7A2CE11337004A4029 /* UIView+.swift */ = {isa = PBXFileReference; lastKnownFileType = sourcecode.swift; path = "UIView+.swift"; sourceTree = "<group>"; };
		1D999D7C2CE113A7004A4029 /* Date+.swift */ = {isa = PBXFileReference; lastKnownFileType = sourcecode.swift; path = "Date+.swift"; sourceTree = "<group>"; };
		1D999D7E2CE113E8004A4029 /* String+.swift */ = {isa = PBXFileReference; lastKnownFileType = sourcecode.swift; path = "String+.swift"; sourceTree = "<group>"; };
		1D999D802CE11466004A4029 /* URL+.swift */ = {isa = PBXFileReference; lastKnownFileType = sourcecode.swift; path = "URL+.swift"; sourceTree = "<group>"; };
		1D999D822CE1148F004A4029 /* UIViewController+.swift */ = {isa = PBXFileReference; lastKnownFileType = sourcecode.swift; path = "UIViewController+.swift"; sourceTree = "<group>"; };
		1D999D842CE114DE004A4029 /* UIStackView+.swift */ = {isa = PBXFileReference; lastKnownFileType = sourcecode.swift; path = "UIStackView+.swift"; sourceTree = "<group>"; };
		1D999D862CE1151B004A4029 /* UILabel+.swift */ = {isa = PBXFileReference; lastKnownFileType = sourcecode.swift; path = "UILabel+.swift"; sourceTree = "<group>"; };
		1D999D882CE11582004A4029 /* UIButton+.swift */ = {isa = PBXFileReference; lastKnownFileType = sourcecode.swift; path = "UIButton+.swift"; sourceTree = "<group>"; };
		1D999D8A2CE115B8004A4029 /* UITextField+.swift */ = {isa = PBXFileReference; lastKnownFileType = sourcecode.swift; path = "UITextField+.swift"; sourceTree = "<group>"; };
		1D999D8C2CE115EF004A4029 /* adjusted+.swift */ = {isa = PBXFileReference; lastKnownFileType = sourcecode.swift; path = "adjusted+.swift"; sourceTree = "<group>"; };
		1D999D8E2CE11618004A4029 /* NSObject+.swift */ = {isa = PBXFileReference; lastKnownFileType = sourcecode.swift; path = "NSObject+.swift"; sourceTree = "<group>"; };
		1D999D902CE11797004A4029 /* TabBarController.swift */ = {isa = PBXFileReference; lastKnownFileType = sourcecode.swift; path = TabBarController.swift; sourceTree = "<group>"; };
		1DDA3FA22CF384440001EA85 /* TabBarItem.swift */ = {isa = PBXFileReference; lastKnownFileType = sourcecode.swift; path = TabBarItem.swift; sourceTree = "<group>"; };
		1DE1355A2CF890E500D9F469 /* ThirdView.swift */ = {isa = PBXFileReference; lastKnownFileType = sourcecode.swift; path = ThirdView.swift; sourceTree = "<group>"; };
		1DE1355C2CFB1FC600D9F469 /* HeaderView.swift */ = {isa = PBXFileReference; lastKnownFileType = sourcecode.swift; path = HeaderView.swift; sourceTree = "<group>"; };
		78C002242D1EA01600DA101C /* BoxOfficeDTO.swift */ = {isa = PBXFileReference; lastKnownFileType = sourcecode.swift; path = BoxOfficeDTO.swift; sourceTree = "<group>"; };
		78C002262D1EA01600DA101C /* BoxOfficeMapper.swift */ = {isa = PBXFileReference; lastKnownFileType = sourcecode.swift; path = BoxOfficeMapper.swift; sourceTree = "<group>"; };
		78C002282D1EA01600DA101C /* BoxOfficeAPI.swift */ = {isa = PBXFileReference; lastKnownFileType = sourcecode.swift; path = BoxOfficeAPI.swift; sourceTree = "<group>"; };
		78C002292D1EA01600DA101C /* BoxOfficeNetworkService.swift */ = {isa = PBXFileReference; lastKnownFileType = sourcecode.swift; path = BoxOfficeNetworkService.swift; sourceTree = "<group>"; };
		78C0022B2D1EA01600DA101C /* DefaultMovieRepository.swift */ = {isa = PBXFileReference; lastKnownFileType = sourcecode.swift; path = DefaultMovieRepository.swift; sourceTree = "<group>"; };
		78C0022E2D1EA01600DA101C /* Model.swift */ = {isa = PBXFileReference; lastKnownFileType = sourcecode.swift; path = Model.swift; sourceTree = "<group>"; };
		78C002302D1EA01600DA101C /* MovieRepository.swift */ = {isa = PBXFileReference; lastKnownFileType = sourcecode.swift; path = MovieRepository.swift; sourceTree = "<group>"; };
		78C002322D1EA01600DA101C /* FetchMoviesUseCase.swift */ = {isa = PBXFileReference; lastKnownFileType = sourcecode.swift; path = FetchMoviesUseCase.swift; sourceTree = "<group>"; };
		78C002352D1EA01600DA101C /* BoxOfficeTargetType.swift */ = {isa = PBXFileReference; lastKnownFileType = sourcecode.swift; path = BoxOfficeTargetType.swift; sourceTree = "<group>"; };
		78C002362D1EA01600DA101C /* ServiceType.swift */ = {isa = PBXFileReference; lastKnownFileType = sourcecode.swift; path = ServiceType.swift; sourceTree = "<group>"; };
		78C002382D1EA01600DA101C /* MoviePresentationMapper.swift */ = {isa = PBXFileReference; lastKnownFileType = sourcecode.swift; path = MoviePresentationMapper.swift; sourceTree = "<group>"; };
		78C0023A2D1EA01600DA101C /* ModelPresentationModel.swift */ = {isa = PBXFileReference; lastKnownFileType = sourcecode.swift; path = ModelPresentationModel.swift; sourceTree = "<group>"; };
		78C0023C2D1EA01600DA101C /* MovieCell.swift */ = {isa = PBXFileReference; lastKnownFileType = sourcecode.swift; path = MovieCell.swift; sourceTree = "<group>"; };
		78C0023E2D1EA01600DA101C /* MovieViewController.swift */ = {isa = PBXFileReference; lastKnownFileType = sourcecode.swift; path = MovieViewController.swift; sourceTree = "<group>"; };
		78C002402D1EA01600DA101C /* MovieViewModel.swift */ = {isa = PBXFileReference; lastKnownFileType = sourcecode.swift; path = MovieViewModel.swift; sourceTree = "<group>"; };
		78C002432D1EA01600DA101C /* MoviewViewModel.swift */ = {isa = PBXFileReference; lastKnownFileType = sourcecode.swift; path = MoviewViewModel.swift; sourceTree = "<group>"; };
		78C002452D1EA01600DA101C /* MovieView.swift */ = {isa = PBXFileReference; lastKnownFileType = sourcecode.swift; path = MovieView.swift; sourceTree = "<group>"; };
/* End PBXFileReference section */

/* Begin PBXFileSystemSynchronizedRootGroup section */
		1D8917132D22C90C00FC5F77 /* ButtwinkTests */ = {isa = PBXFileSystemSynchronizedRootGroup; explicitFileTypes = {}; explicitFolders = (); path = ButtwinkTests; sourceTree = "<group>"; };
		710CC7B22D19949F00AC5FA3 /* MJ */ = {isa = PBXFileSystemSynchronizedRootGroup; explicitFileTypes = {}; explicitFolders = (); path = MJ; sourceTree = "<group>"; };
/* End PBXFileSystemSynchronizedRootGroup section */

/* Begin PBXFrameworksBuildPhase section */
		1D89170F2D22C90C00FC5F77 /* Frameworks */ = {
			isa = PBXFrameworksBuildPhase;
			buildActionMask = 2147483647;
			files = (
			);
			runOnlyForDeploymentPostprocessing = 0;
		};
		1D999D3E2CE0BADA004A4029 /* Frameworks */ = {
			isa = PBXFrameworksBuildPhase;
			buildActionMask = 2147483647;
			files = (
				1D7BB1ED2CF475280023AC1C /* DesignSystem in Frameworks */,
				1DB5B7782D0AFEBA00E80768 /* SentrySwiftUI in Frameworks */,
				1DE135572CF882CB00D9F469 /* Differentiator in Frameworks */,
				1D7BB1E22CF472C00023AC1C /* Kingfisher in Frameworks */,
				1DE135592CF882CB00D9F469 /* RxDataSources in Frameworks */,
				1D7BB2002CF5D7AC0023AC1C /* RxCocoa in Frameworks */,
				1DB5B7742D0AFEBA00E80768 /* Sentry in Frameworks */,
				78956D072D185CBD0074D80B /* Then in Frameworks */,
				1DFB78F32D0085E600534317 /* Moya in Frameworks */,
				1DB5B76F2D0AFABB00E80768 /* RxMoya in Frameworks */,
				1D7BB1E52CF472CE0023AC1C /* SnapKit in Frameworks */,
				1D0D98B32D09ABFA00ACB167 /* Swinject in Frameworks */,
			);
			runOnlyForDeploymentPostprocessing = 0;
		};
/* End PBXFrameworksBuildPhase section */

/* Begin PBXGroup section */
		1D0D98A72D07683800ACB167 /* Common */ = {
			isa = PBXGroup;
			children = (
				1D0D98A22D07683800ACB167 /* BaseCollectionViewCell.swift */,
				1D0D98A32D07683800ACB167 /* BaseRxCollectionView.swift */,
				1D0D98A42D07683800ACB167 /* CommonViewModelType.swift */,
				1D0D98A62D07683800ACB167 /* ViewModelBindableType.swift */,
			);
			path = Common;
			sourceTree = "<group>";
		};
		1D0D98AE2D0846E600ACB167 /* Model */ = {
			isa = PBXGroup;
			children = (
				1D0D98AF2D0846F100ACB167 /* Thumbnail.swift */,
			);
			path = Model;
			sourceTree = "<group>";
		};
		1D1F21392D075A9900D4A3E5 /* Domain */ = {
			isa = PBXGroup;
			children = (
				1D1F213E2D075B3A00D4A3E5 /* Entity_test.swift */,
				1D1F21422D075B4E00D4A3E5 /* RepositoryInterface_test.swift */,
				1D1F21402D075B4600D4A3E5 /* Usecase_test.swift */,
			);
			name = Domain;
			sourceTree = "<group>";
		};
		1D1F213D2D075B0000D4A3E5 /* Data */ = {
			isa = PBXGroup;
			children = (
				1D8067D92D007DB2002456FD /* Service_test.swift */,
				1D8067DB2D007EC7002456FD /* API_test.swift */,
				1D1F21442D075E5E00D4A3E5 /* Repository_test.swift */,
			);
			name = Data;
			sourceTree = "<group>";
		};
		1D7BB1EF2CF5C5ED0023AC1C /* Mypage */ = {
			isa = PBXGroup;
			children = (
				1D0D98AE2D0846E600ACB167 /* Model */,
				1D7BB1F62CF5C61A0023AC1C /* ViewController */,
				1D7BB1F52CF5C60C0023AC1C /* ViewModel */,
				1D7BB1F42CF5C6080023AC1C /* View */,
			);
			path = Mypage;
			sourceTree = "<group>";
		};
		1D7BB1F42CF5C6080023AC1C /* View */ = {
			isa = PBXGroup;
			children = (
				1D24D6022CF7F46C006157FD /* ThumbnailView.swift */,
				1DE1355A2CF890E500D9F469 /* ThirdView.swift */,
				1D7BB1F72CF5C63B0023AC1C /* Component */,
			);
			path = View;
			sourceTree = "<group>";
		};
		1D7BB1F52CF5C60C0023AC1C /* ViewModel */ = {
			isa = PBXGroup;
			children = (
				1D7BB1F22CF5C6020023AC1C /* MypageViewModel.swift */,
			);
			path = ViewModel;
			sourceTree = "<group>";
		};
		1D7BB1F62CF5C61A0023AC1C /* ViewController */ = {
			isa = PBXGroup;
			children = (
				1D7BB1F02CF5C5FC0023AC1C /* MypageViewController.swift */,
			);
			path = ViewController;
			sourceTree = "<group>";
		};
		1D7BB1F72CF5C63B0023AC1C /* Component */ = {
			isa = PBXGroup;
			children = (
				1DE1355C2CFB1FC600D9F469 /* HeaderView.swift */,
				1D24D6002CF7F3B5006157FD /* TagView.swift */,
			);
			path = Component;
			sourceTree = "<group>";
		};
		1D7BB1FA2CF5D4340023AC1C /* Frameworks */ = {
			isa = PBXGroup;
			children = (
			);
			name = Frameworks;
			sourceTree = "<group>";
		};
		1D999D382CE0BADA004A4029 = {
			isa = PBXGroup;
			children = (
				1D999D432CE0BADA004A4029 /* Buttwink */,
				1D8917132D22C90C00FC5F77 /* ButtwinkTests */,
				1D999D422CE0BADA004A4029 /* Products */,
				1D7BB1FA2CF5D4340023AC1C /* Frameworks */,
			);
			sourceTree = "<group>";
		};
		1D999D422CE0BADA004A4029 /* Products */ = {
			isa = PBXGroup;
			children = (
				1D999D412CE0BADA004A4029 /* Buttwink.app */,
				1D8917122D22C90C00FC5F77 /* ButtwinkTests.xctest */,
			);
			name = Products;
			sourceTree = "<group>";
		};
		1D999D432CE0BADA004A4029 /* Buttwink */ = {
			isa = PBXGroup;
			children = (
				1D1F213D2D075B0000D4A3E5 /* Data */,
				1D1F21392D075A9900D4A3E5 /* Domain */,
				1D999D5D2CE0DB6D004A4029 /* Presentation */,
				1D999D5C2CE0DB66004A4029 /* Network */,
				1D999D592CE0DB2D004A4029 /* Resource */,
				1D999D582CE0DB21004A4029 /* Source */,
				1D999D482CE0BADA004A4029 /* ViewController.swift */,
			);
			path = Buttwink;
			sourceTree = "<group>";
		};
		1D999D582CE0DB21004A4029 /* Source */ = {
			isa = PBXGroup;
			children = (
				1D0D98A72D07683800ACB167 /* Common */,
				1D999D652CE0DBB4004A4029 /* Supports */,
				1D999D642CE0DBAB004A4029 /* Scene */,
				1D999D632CE0DBA4004A4029 /* Repository */,
				1D999D5E2CE0DB81004A4029 /* Extension */,
			);
			path = Source;
			sourceTree = "<group>";
		};
		1D999D592CE0DB2D004A4029 /* Resource */ = {
			isa = PBXGroup;
			children = (
				1D999D692CE0DC5A004A4029 /* Base */,
				1D999D522CE0BADC004A4029 /* Info.plist */,
				1D8067C72D00751A002456FD /* Config.swift */,
			);
			path = Resource;
			sourceTree = "<group>";
		};
		1D999D5C2CE0DB66004A4029 /* Network */ = {
			isa = PBXGroup;
			children = (
				1D999D6E2CE0DCB0004A4029 /* Base */,
			);
			path = Network;
			sourceTree = "<group>";
		};
		1D999D5D2CE0DB6D004A4029 /* Presentation */ = {
			isa = PBXGroup;
			children = (
				710CC7B22D19949F00AC5FA3 /* MJ */,
				1D7BB1EF2CF5C5ED0023AC1C /* Mypage */,
				78C002462D1EA01600DA101C /* Movie */,
			);
			path = Presentation;
			sourceTree = "<group>";
		};
		1D999D5E2CE0DB81004A4029 /* Extension */ = {
			isa = PBXGroup;
			children = (
				1D999D7A2CE11337004A4029 /* UIView+.swift */,
				1D999D7C2CE113A7004A4029 /* Date+.swift */,
				1D999D7E2CE113E8004A4029 /* String+.swift */,
				1D999D802CE11466004A4029 /* URL+.swift */,
				1D999D822CE1148F004A4029 /* UIViewController+.swift */,
				1D999D842CE114DE004A4029 /* UIStackView+.swift */,
				1D999D862CE1151B004A4029 /* UILabel+.swift */,
				1D999D882CE11582004A4029 /* UIButton+.swift */,
				1D999D8A2CE115B8004A4029 /* UITextField+.swift */,
				1D999D8C2CE115EF004A4029 /* adjusted+.swift */,
				1D999D8E2CE11618004A4029 /* NSObject+.swift */,
			);
			path = Extension;
			sourceTree = "<group>";
		};
		1D999D632CE0DBA4004A4029 /* Repository */ = {
			isa = PBXGroup;
			children = (
			);
			path = Repository;
			sourceTree = "<group>";
		};
		1D999D642CE0DBAB004A4029 /* Scene */ = {
			isa = PBXGroup;
			children = (
				1D999D902CE11797004A4029 /* TabBarController.swift */,
				1DDA3FA22CF384440001EA85 /* TabBarItem.swift */,
			);
			path = Scene;
			sourceTree = "<group>";
		};
		1D999D652CE0DBB4004A4029 /* Supports */ = {
			isa = PBXGroup;
			children = (
				1D999D442CE0BADA004A4029 /* AppDelegate.swift */,
				1D999D462CE0BADA004A4029 /* SceneDelegate.swift */,
				1D5D33992D0EDE8A00559069 /* DIContainer.swift */,
			);
			path = Supports;
			sourceTree = "<group>";
		};
		1D999D692CE0DC5A004A4029 /* Base */ = {
			isa = PBXGroup;
			children = (
				1D999D4A2CE0BADA004A4029 /* Main.storyboard */,
				1D999D4F2CE0BADC004A4029 /* LaunchScreen.storyboard */,
			);
			path = Base;
			sourceTree = "<group>";
		};
		1D999D6E2CE0DCB0004A4029 /* Base */ = {
			isa = PBXGroup;
			children = (
				1D8067C92D00776C002456FD /* NetworkResult.swift */,
				1D8067CB2D0077E1002456FD /* BaseResponse.swift */,
				1D8067CD2D0077F8002456FD /* Encodable.swift */,
				1D8067CF2D007829002456FD /* GeneralResponse.swift */,
				1D8067D12D007856002456FD /* NetworkConstant.swift */,
				1D8067D32D007874002456FD /* MoyaLoggerPlugin.swift */,
				1D8067D52D0078B7002456FD /* URLConstant.swift */,
				1D8067DF2D008062002456FD /* CustomMoyaProvider.swift */,
				1D5D33912D0D8D1500559069 /* HeaderUtils.swift */,
				1D5D33932D0D8D7000559069 /* GetServiceRx.swift */,
				1D5D33952D0D8DA100559069 /* ErrorType.swift */,
				1D5D33972D0D8E3700559069 /* ErrorCode.swift */,
			);
			path = Base;
			sourceTree = "<group>";
		};
		78C002252D1EA01600DA101C /* DTOs */ = {
			isa = PBXGroup;
			children = (
				78C002242D1EA01600DA101C /* BoxOfficeDTO.swift */,
			);
			path = DTOs;
			sourceTree = "<group>";
		};
		78C002272D1EA01600DA101C /* Mappers */ = {
			isa = PBXGroup;
			children = (
				78C002262D1EA01600DA101C /* BoxOfficeMapper.swift */,
			);
			path = Mappers;
			sourceTree = "<group>";
		};
		78C0022A2D1EA01600DA101C /* Network */ = {
			isa = PBXGroup;
			children = (
				78C002282D1EA01600DA101C /* BoxOfficeAPI.swift */,
				78C002292D1EA01600DA101C /* BoxOfficeNetworkService.swift */,
			);
			path = Network;
			sourceTree = "<group>";
		};
		78C0022C2D1EA01600DA101C /* Repositories */ = {
			isa = PBXGroup;
			children = (
				78C0022B2D1EA01600DA101C /* DefaultMovieRepository.swift */,
			);
			path = Repositories;
			sourceTree = "<group>";
		};
		78C0022D2D1EA01600DA101C /* Data */ = {
			isa = PBXGroup;
			children = (
				78C002252D1EA01600DA101C /* DTOs */,
				78C002272D1EA01600DA101C /* Mappers */,
				78C0022A2D1EA01600DA101C /* Network */,
				78C0022C2D1EA01600DA101C /* Repositories */,
			);
			path = Data;
			sourceTree = "<group>";
		};
		78C0022F2D1EA01600DA101C /* Entity */ = {
			isa = PBXGroup;
			children = (
				78C0022E2D1EA01600DA101C /* Model.swift */,
			);
			path = Entity;
			sourceTree = "<group>";
		};
		78C002312D1EA01600DA101C /* InterFace */ = {
			isa = PBXGroup;
			children = (
				78C002302D1EA01600DA101C /* MovieRepository.swift */,
			);
			path = InterFace;
			sourceTree = "<group>";
		};
		78C002332D1EA01600DA101C /* UseCase */ = {
			isa = PBXGroup;
			children = (
				78C002322D1EA01600DA101C /* FetchMoviesUseCase.swift */,
			);
			path = UseCase;
			sourceTree = "<group>";
		};
		78C002342D1EA01600DA101C /* Domain */ = {
			isa = PBXGroup;
			children = (
				78C0022F2D1EA01600DA101C /* Entity */,
				78C002312D1EA01600DA101C /* InterFace */,
				78C002332D1EA01600DA101C /* UseCase */,
			);
			path = Domain;
			sourceTree = "<group>";
		};
		78C002372D1EA01600DA101C /* NetWork */ = {
			isa = PBXGroup;
			children = (
				78C002352D1EA01600DA101C /* BoxOfficeTargetType.swift */,
				78C002362D1EA01600DA101C /* ServiceType.swift */,
			);
			path = NetWork;
			sourceTree = "<group>";
		};
		78C002392D1EA01600DA101C /* Mapper */ = {
			isa = PBXGroup;
			children = (
				78C002382D1EA01600DA101C /* MoviePresentationMapper.swift */,
			);
			path = Mapper;
			sourceTree = "<group>";
		};
		78C0023B2D1EA01600DA101C /* Model */ = {
			isa = PBXGroup;
			children = (
				78C0023A2D1EA01600DA101C /* ModelPresentationModel.swift */,
			);
			path = Model;
			sourceTree = "<group>";
		};
		78C0023D2D1EA01600DA101C /* View */ = {
			isa = PBXGroup;
			children = (
				78C0023C2D1EA01600DA101C /* MovieCell.swift */,
			);
			path = View;
			sourceTree = "<group>";
		};
		78C0023F2D1EA01600DA101C /* ViewController */ = {
			isa = PBXGroup;
			children = (
				78C0023E2D1EA01600DA101C /* MovieViewController.swift */,
			);
			path = ViewController;
			sourceTree = "<group>";
		};
		78C002412D1EA01600DA101C /* ViewModel */ = {
			isa = PBXGroup;
			children = (
				78C002402D1EA01600DA101C /* MovieViewModel.swift */,
			);
			path = ViewModel;
			sourceTree = "<group>";
		};
		78C002422D1EA01600DA101C /* Presentation */ = {
			isa = PBXGroup;
			children = (
				78C002392D1EA01600DA101C /* Mapper */,
				78C0023B2D1EA01600DA101C /* Model */,
				78C0023D2D1EA01600DA101C /* View */,
				78C0023F2D1EA01600DA101C /* ViewController */,
				78C002412D1EA01600DA101C /* ViewModel */,
			);
			path = Presentation;
			sourceTree = "<group>";
		};
		78C002442D1EA01600DA101C /* ViewModel */ = {
			isa = PBXGroup;
			children = (
				78C002432D1EA01600DA101C /* MoviewViewModel.swift */,
			);
			path = ViewModel;
			sourceTree = "<group>";
		};
		78C002462D1EA01600DA101C /* Movie */ = {
			isa = PBXGroup;
			children = (
				78C0022D2D1EA01600DA101C /* Data */,
				78C002342D1EA01600DA101C /* Domain */,
				78C002372D1EA01600DA101C /* NetWork */,
				78C002422D1EA01600DA101C /* Presentation */,
				78C002442D1EA01600DA101C /* ViewModel */,
				78C002452D1EA01600DA101C /* MovieView.swift */,
			);
			path = Movie;
			sourceTree = "<group>";
		};
/* End PBXGroup section */

/* Begin PBXNativeTarget section */
		1D8917112D22C90C00FC5F77 /* ButtwinkTests */ = {
			isa = PBXNativeTarget;
			buildConfigurationList = 1D8917182D22C90D00FC5F77 /* Build configuration list for PBXNativeTarget "ButtwinkTests" */;
			buildPhases = (
				1D89170E2D22C90C00FC5F77 /* Sources */,
				1D89170F2D22C90C00FC5F77 /* Frameworks */,
				1D8917102D22C90C00FC5F77 /* Resources */,
			);
			buildRules = (
			);
			dependencies = (
				1D8917172D22C90D00FC5F77 /* PBXTargetDependency */,
			);
			fileSystemSynchronizedGroups = (
				1D8917132D22C90C00FC5F77 /* ButtwinkTests */,
			);
			name = ButtwinkTests;
			packageProductDependencies = (
			);
			productName = ButtwinkTests;
			productReference = 1D8917122D22C90C00FC5F77 /* ButtwinkTests.xctest */;
			productType = "com.apple.product-type.bundle.unit-test";
		};
		1D999D402CE0BADA004A4029 /* Buttwink */ = {
			isa = PBXNativeTarget;
			buildConfigurationList = 1D999D552CE0BADC004A4029 /* Build configuration list for PBXNativeTarget "Buttwink" */;
			buildPhases = (
				1D999D3D2CE0BADA004A4029 /* Sources */,
				1D999D3E2CE0BADA004A4029 /* Frameworks */,
				1D999D3F2CE0BADA004A4029 /* Resources */,
				1D7BB2042CF5D7AC0023AC1C /* Embed Frameworks */,
			);
			buildRules = (
			);
			dependencies = (
			);
			fileSystemSynchronizedGroups = (
				710CC7B22D19949F00AC5FA3 /* MJ */,
			);
			name = Buttwink;
			packageProductDependencies = (
				1D7BB1E12CF472C00023AC1C /* Kingfisher */,
				1D7BB1E42CF472CE0023AC1C /* SnapKit */,
				1D7BB1EC2CF475280023AC1C /* DesignSystem */,
				1D7BB1FF2CF5D7AC0023AC1C /* RxCocoa */,
				1DE135562CF882CB00D9F469 /* Differentiator */,
				1DE135582CF882CB00D9F469 /* RxDataSources */,
				1DFB78F22D0085E600534317 /* Moya */,
				1D0D98B22D09ABFA00ACB167 /* Swinject */,
				1DB5B76E2D0AFABB00E80768 /* RxMoya */,
				1DB5B7732D0AFEBA00E80768 /* Sentry */,
				1DB5B7772D0AFEBA00E80768 /* SentrySwiftUI */,
				78956D062D185CBD0074D80B /* Then */,
			);
			productName = Buttwink;
			productReference = 1D999D412CE0BADA004A4029 /* Buttwink.app */;
			productType = "com.apple.product-type.application";
		};
/* End PBXNativeTarget section */

/* Begin PBXProject section */
		1D999D392CE0BADA004A4029 /* Project object */ = {
			isa = PBXProject;
			attributes = {
				BuildIndependentTargetsInParallel = 1;
				LastSwiftUpdateCheck = 1620;
				LastUpgradeCheck = 1540;
				TargetAttributes = {
					1D8917112D22C90C00FC5F77 = {
						CreatedOnToolsVersion = 16.2;
						TestTargetID = 1D999D402CE0BADA004A4029;
					};
					1D999D402CE0BADA004A4029 = {
						CreatedOnToolsVersion = 15.4;
					};
				};
			};
			buildConfigurationList = 1D999D3C2CE0BADA004A4029 /* Build configuration list for PBXProject "Buttwink" */;
			compatibilityVersion = "Xcode 14.0";
			developmentRegion = en;
			hasScannedForEncodings = 0;
			knownRegions = (
				en,
				Base,
			);
			mainGroup = 1D999D382CE0BADA004A4029;
			packageReferences = (
				1D999D782CE0E2D1004A4029 /* XCRemoteSwiftPackageReference "RxSwift" */,
				1D7BB1E02CF472C00023AC1C /* XCRemoteSwiftPackageReference "Kingfisher" */,
				1D7BB1E32CF472CE0023AC1C /* XCRemoteSwiftPackageReference "SnapKit" */,
				1D7BB1EB2CF475280023AC1C /* XCRemoteSwiftPackageReference "ButtwinkDesignSystem" */,
				1DE135552CF882CB00D9F469 /* XCRemoteSwiftPackageReference "RxDataSources" */,
				1DFB78F12D0085AF00534317 /* XCRemoteSwiftPackageReference "Moya" */,
				1D0D98B12D09ABFA00ACB167 /* XCRemoteSwiftPackageReference "Swinject" */,
				1DB5B7722D0AFEBA00E80768 /* XCRemoteSwiftPackageReference "sentry-cocoa" */,
				78956D052D185CBD0074D80B /* XCRemoteSwiftPackageReference "Then" */,
			);
			productRefGroup = 1D999D422CE0BADA004A4029 /* Products */;
			projectDirPath = "";
			projectRoot = "";
			targets = (
				1D999D402CE0BADA004A4029 /* Buttwink */,
				1D8917112D22C90C00FC5F77 /* ButtwinkTests */,
			);
		};
/* End PBXProject section */

/* Begin PBXResourcesBuildPhase section */
		1D8917102D22C90C00FC5F77 /* Resources */ = {
			isa = PBXResourcesBuildPhase;
			buildActionMask = 2147483647;
			files = (
			);
			runOnlyForDeploymentPostprocessing = 0;
		};
		1D999D3F2CE0BADA004A4029 /* Resources */ = {
			isa = PBXResourcesBuildPhase;
			buildActionMask = 2147483647;
			files = (
				1D999D512CE0BADC004A4029 /* Base in Resources */,
			);
			runOnlyForDeploymentPostprocessing = 0;
		};
/* End PBXResourcesBuildPhase section */

/* Begin PBXSourcesBuildPhase section */
		1D89170E2D22C90C00FC5F77 /* Sources */ = {
			isa = PBXSourcesBuildPhase;
			buildActionMask = 2147483647;
			files = (
			);
			runOnlyForDeploymentPostprocessing = 0;
		};
		1D999D3D2CE0BADA004A4029 /* Sources */ = {
			isa = PBXSourcesBuildPhase;
			buildActionMask = 2147483647;
			files = (
				1D1F213F2D075B3A00D4A3E5 /* Entity_test.swift in Sources */,
				1D5D33962D0D8DA100559069 /* ErrorType.swift in Sources */,
				1D999D8D2CE115EF004A4029 /* adjusted+.swift in Sources */,
				1D5D33922D0D8D1500559069 /* HeaderUtils.swift in Sources */,
				1D999D7B2CE11337004A4029 /* UIView+.swift in Sources */,
				1D999D492CE0BADA004A4029 /* ViewController.swift in Sources */,
				1D8067D62D0078B7002456FD /* URLConstant.swift in Sources */,
				1D8067DC2D007EC7002456FD /* API_test.swift in Sources */,
				1D999D912CE11797004A4029 /* TabBarController.swift in Sources */,
				1D8067CE2D0077F8002456FD /* Encodable.swift in Sources */,
				1D1F21432D075B4E00D4A3E5 /* RepositoryInterface_test.swift in Sources */,
				1D999D872CE1151B004A4029 /* UILabel+.swift in Sources */,
				1D1F21452D075E5E00D4A3E5 /* Repository_test.swift in Sources */,
				1D0D98AA2D07683800ACB167 /* CommonViewModelType.swift in Sources */,
				1D1F21412D075B4600D4A3E5 /* Usecase_test.swift in Sources */,
				1D8067D22D007856002456FD /* NetworkConstant.swift in Sources */,
				1D0D98A92D07683800ACB167 /* BaseRxCollectionView.swift in Sources */,
				1D5D33942D0D8D7000559069 /* GetServiceRx.swift in Sources */,
				1D999D8B2CE115B8004A4029 /* UITextField+.swift in Sources */,
				1DDA3FA32CF384440001EA85 /* TabBarItem.swift in Sources */,
				1D999D832CE1148F004A4029 /* UIViewController+.swift in Sources */,
				1D24D6032CF7F46C006157FD /* ThumbnailView.swift in Sources */,
				1D0D98AC2D07683800ACB167 /* ViewModelBindableType.swift in Sources */,
				1D5D33982D0D8E3700559069 /* ErrorCode.swift in Sources */,
				1D0D98B02D0846F100ACB167 /* Thumbnail.swift in Sources */,
				1D999D812CE11466004A4029 /* URL+.swift in Sources */,
				1D0D98A82D07683800ACB167 /* BaseCollectionViewCell.swift in Sources */,
				1D7BB1F32CF5C6020023AC1C /* MypageViewModel.swift in Sources */,
				1D24D6012CF7F3B6006157FD /* TagView.swift in Sources */,
				1D999D7D2CE113A7004A4029 /* Date+.swift in Sources */,
				1D8067CC2D0077E1002456FD /* BaseResponse.swift in Sources */,
				1D7BB1F12CF5C5FC0023AC1C /* MypageViewController.swift in Sources */,
				1D8067E02D008062002456FD /* CustomMoyaProvider.swift in Sources */,
				1D999D452CE0BADA004A4029 /* AppDelegate.swift in Sources */,
				78C002472D1EA01600DA101C /* MovieView.swift in Sources */,
				78C002482D1EA01600DA101C /* MovieViewController.swift in Sources */,
				78C002492D1EA01600DA101C /* MoviewViewModel.swift in Sources */,
				78C0024A2D1EA01600DA101C /* MovieCell.swift in Sources */,
				78C0024B2D1EA01600DA101C /* MoviePresentationMapper.swift in Sources */,
				78C0024C2D1EA01600DA101C /* ModelPresentationModel.swift in Sources */,
				78C0024D2D1EA01600DA101C /* ServiceType.swift in Sources */,
				78C0024E2D1EA01600DA101C /* BoxOfficeDTO.swift in Sources */,
				78C0024F2D1EA01600DA101C /* MovieRepository.swift in Sources */,
				78C002502D1EA01600DA101C /* FetchMoviesUseCase.swift in Sources */,
				78C002512D1EA01600DA101C /* Model.swift in Sources */,
				78C002522D1EA01600DA101C /* BoxOfficeAPI.swift in Sources */,
				78C002532D1EA01600DA101C /* BoxOfficeMapper.swift in Sources */,
				78C002542D1EA01600DA101C /* BoxOfficeNetworkService.swift in Sources */,
				78C002552D1EA01600DA101C /* DefaultMovieRepository.swift in Sources */,
				78C002562D1EA01600DA101C /* MovieViewModel.swift in Sources */,
				78C002572D1EA01600DA101C /* BoxOfficeTargetType.swift in Sources */,
				1D8067C82D00751A002456FD /* Config.swift in Sources */,
				1D5D339A2D0EDE8A00559069 /* DIContainer.swift in Sources */,
				1D8067DA2D007DB2002456FD /* Service_test.swift in Sources */,
				1D999D892CE11582004A4029 /* UIButton+.swift in Sources */,
				1D999D7F2CE113E8004A4029 /* String+.swift in Sources */,
				1D8067CA2D00776C002456FD /* NetworkResult.swift in Sources */,
				1D8067D42D007874002456FD /* MoyaLoggerPlugin.swift in Sources */,
				1D999D8F2CE11618004A4029 /* NSObject+.swift in Sources */,
				1DE1355B2CF890E500D9F469 /* ThirdView.swift in Sources */,
				1D999D852CE114DE004A4029 /* UIStackView+.swift in Sources */,
				1D8067D02D007829002456FD /* GeneralResponse.swift in Sources */,
				1D999D472CE0BADA004A4029 /* SceneDelegate.swift in Sources */,
				1DE1355D2CFB1FC600D9F469 /* HeaderView.swift in Sources */,
			);
			runOnlyForDeploymentPostprocessing = 0;
		};
/* End PBXSourcesBuildPhase section */

/* Begin PBXTargetDependency section */
		1D8917172D22C90D00FC5F77 /* PBXTargetDependency */ = {
			isa = PBXTargetDependency;
			target = 1D999D402CE0BADA004A4029 /* Buttwink */;
			targetProxy = 1D8917162D22C90D00FC5F77 /* PBXContainerItemProxy */;
		};
/* End PBXTargetDependency section */

/* Begin PBXVariantGroup section */
		1D999D4A2CE0BADA004A4029 /* Main.storyboard */ = {
			isa = PBXVariantGroup;
			children = (
				1D999D4B2CE0BADA004A4029 /* Base */,
			);
			name = Main.storyboard;
			sourceTree = "<group>";
		};
		1D999D4F2CE0BADC004A4029 /* LaunchScreen.storyboard */ = {
			isa = PBXVariantGroup;
			children = (
				1D999D502CE0BADC004A4029 /* Base */,
			);
			name = LaunchScreen.storyboard;
			sourceTree = "<group>";
		};
/* End PBXVariantGroup section */

/* Begin XCBuildConfiguration section */
		1D8917192D22C90D00FC5F77 /* Debug */ = {
			isa = XCBuildConfiguration;
			buildSettings = {
				BUNDLE_LOADER = "$(TEST_HOST)";
				CODE_SIGN_STYLE = Automatic;
				CURRENT_PROJECT_VERSION = 1;
				DEVELOPMENT_TEAM = D2Z7W8F79Y;
				GENERATE_INFOPLIST_FILE = YES;
				IPHONEOS_DEPLOYMENT_TARGET = 17.5;
				MARKETING_VERSION = 1.0;
				PRODUCT_BUNDLE_IDENTIFIER = None.ButtwinkTests;
				PRODUCT_NAME = "$(TARGET_NAME)";
				SWIFT_EMIT_LOC_STRINGS = NO;
				SWIFT_VERSION = 5.0;
				TARGETED_DEVICE_FAMILY = "1,2";
				TEST_HOST = "$(BUILT_PRODUCTS_DIR)/Buttwink.app/$(BUNDLE_EXECUTABLE_FOLDER_PATH)/Buttwink";
			};
			name = Debug;
		};
		1D89171A2D22C90D00FC5F77 /* Release */ = {
			isa = XCBuildConfiguration;
			buildSettings = {
				BUNDLE_LOADER = "$(TEST_HOST)";
				CODE_SIGN_STYLE = Automatic;
				CURRENT_PROJECT_VERSION = 1;
				DEVELOPMENT_TEAM = D2Z7W8F79Y;
				GENERATE_INFOPLIST_FILE = YES;
				IPHONEOS_DEPLOYMENT_TARGET = 17.5;
				MARKETING_VERSION = 1.0;
				PRODUCT_BUNDLE_IDENTIFIER = None.ButtwinkTests;
				PRODUCT_NAME = "$(TARGET_NAME)";
				SWIFT_EMIT_LOC_STRINGS = NO;
				SWIFT_VERSION = 5.0;
				TARGETED_DEVICE_FAMILY = "1,2";
				TEST_HOST = "$(BUILT_PRODUCTS_DIR)/Buttwink.app/$(BUNDLE_EXECUTABLE_FOLDER_PATH)/Buttwink";
			};
			name = Release;
		};
		1D999D532CE0BADC004A4029 /* Debug */ = {
			isa = XCBuildConfiguration;
			buildSettings = {
				ALWAYS_SEARCH_USER_PATHS = NO;
				ASSETCATALOG_COMPILER_GENERATE_SWIFT_ASSET_SYMBOL_EXTENSIONS = YES;
				CLANG_ANALYZER_NONNULL = YES;
				CLANG_ANALYZER_NUMBER_OBJECT_CONVERSION = YES_AGGRESSIVE;
				CLANG_CXX_LANGUAGE_STANDARD = "gnu++20";
				CLANG_ENABLE_MODULES = YES;
				CLANG_ENABLE_OBJC_ARC = YES;
				CLANG_ENABLE_OBJC_WEAK = YES;
				CLANG_WARN_BLOCK_CAPTURE_AUTORELEASING = YES;
				CLANG_WARN_BOOL_CONVERSION = YES;
				CLANG_WARN_COMMA = YES;
				CLANG_WARN_CONSTANT_CONVERSION = YES;
				CLANG_WARN_DEPRECATED_OBJC_IMPLEMENTATIONS = YES;
				CLANG_WARN_DIRECT_OBJC_ISA_USAGE = YES_ERROR;
				CLANG_WARN_DOCUMENTATION_COMMENTS = YES;
				CLANG_WARN_EMPTY_BODY = YES;
				CLANG_WARN_ENUM_CONVERSION = YES;
				CLANG_WARN_INFINITE_RECURSION = YES;
				CLANG_WARN_INT_CONVERSION = YES;
				CLANG_WARN_NON_LITERAL_NULL_CONVERSION = YES;
				CLANG_WARN_OBJC_IMPLICIT_RETAIN_SELF = YES;
				CLANG_WARN_OBJC_LITERAL_CONVERSION = YES;
				CLANG_WARN_OBJC_ROOT_CLASS = YES_ERROR;
				CLANG_WARN_QUOTED_INCLUDE_IN_FRAMEWORK_HEADER = YES;
				CLANG_WARN_RANGE_LOOP_ANALYSIS = YES;
				CLANG_WARN_STRICT_PROTOTYPES = YES;
				CLANG_WARN_SUSPICIOUS_MOVE = YES;
				CLANG_WARN_UNGUARDED_AVAILABILITY = YES_AGGRESSIVE;
				CLANG_WARN_UNREACHABLE_CODE = YES;
				CLANG_WARN__DUPLICATE_METHOD_MATCH = YES;
				COPY_PHASE_STRIP = NO;
				DEBUG_INFORMATION_FORMAT = dwarf;
				ENABLE_STRICT_OBJC_MSGSEND = YES;
				ENABLE_TESTABILITY = YES;
				ENABLE_USER_SCRIPT_SANDBOXING = YES;
				GCC_C_LANGUAGE_STANDARD = gnu17;
				GCC_DYNAMIC_NO_PIC = NO;
				GCC_NO_COMMON_BLOCKS = YES;
				GCC_OPTIMIZATION_LEVEL = 0;
				GCC_PREPROCESSOR_DEFINITIONS = (
					"DEBUG=1",
					"$(inherited)",
				);
				GCC_WARN_64_TO_32_BIT_CONVERSION = YES;
				GCC_WARN_ABOUT_RETURN_TYPE = YES_ERROR;
				GCC_WARN_UNDECLARED_SELECTOR = YES;
				GCC_WARN_UNINITIALIZED_AUTOS = YES_AGGRESSIVE;
				GCC_WARN_UNUSED_FUNCTION = YES;
				GCC_WARN_UNUSED_VARIABLE = YES;
				IPHONEOS_DEPLOYMENT_TARGET = 17.5;
				LOCALIZATION_PREFERS_STRING_CATALOGS = YES;
				MTL_ENABLE_DEBUG_INFO = INCLUDE_SOURCE;
				MTL_FAST_MATH = YES;
				ONLY_ACTIVE_ARCH = YES;
				SDKROOT = iphoneos;
				SWIFT_ACTIVE_COMPILATION_CONDITIONS = "DEBUG $(inherited)";
				SWIFT_OPTIMIZATION_LEVEL = "-Onone";
			};
			name = Debug;
		};
		1D999D542CE0BADC004A4029 /* Release */ = {
			isa = XCBuildConfiguration;
			buildSettings = {
				ALWAYS_SEARCH_USER_PATHS = NO;
				ASSETCATALOG_COMPILER_GENERATE_SWIFT_ASSET_SYMBOL_EXTENSIONS = YES;
				CLANG_ANALYZER_NONNULL = YES;
				CLANG_ANALYZER_NUMBER_OBJECT_CONVERSION = YES_AGGRESSIVE;
				CLANG_CXX_LANGUAGE_STANDARD = "gnu++20";
				CLANG_ENABLE_MODULES = YES;
				CLANG_ENABLE_OBJC_ARC = YES;
				CLANG_ENABLE_OBJC_WEAK = YES;
				CLANG_WARN_BLOCK_CAPTURE_AUTORELEASING = YES;
				CLANG_WARN_BOOL_CONVERSION = YES;
				CLANG_WARN_COMMA = YES;
				CLANG_WARN_CONSTANT_CONVERSION = YES;
				CLANG_WARN_DEPRECATED_OBJC_IMPLEMENTATIONS = YES;
				CLANG_WARN_DIRECT_OBJC_ISA_USAGE = YES_ERROR;
				CLANG_WARN_DOCUMENTATION_COMMENTS = YES;
				CLANG_WARN_EMPTY_BODY = YES;
				CLANG_WARN_ENUM_CONVERSION = YES;
				CLANG_WARN_INFINITE_RECURSION = YES;
				CLANG_WARN_INT_CONVERSION = YES;
				CLANG_WARN_NON_LITERAL_NULL_CONVERSION = YES;
				CLANG_WARN_OBJC_IMPLICIT_RETAIN_SELF = YES;
				CLANG_WARN_OBJC_LITERAL_CONVERSION = YES;
				CLANG_WARN_OBJC_ROOT_CLASS = YES_ERROR;
				CLANG_WARN_QUOTED_INCLUDE_IN_FRAMEWORK_HEADER = YES;
				CLANG_WARN_RANGE_LOOP_ANALYSIS = YES;
				CLANG_WARN_STRICT_PROTOTYPES = YES;
				CLANG_WARN_SUSPICIOUS_MOVE = YES;
				CLANG_WARN_UNGUARDED_AVAILABILITY = YES_AGGRESSIVE;
				CLANG_WARN_UNREACHABLE_CODE = YES;
				CLANG_WARN__DUPLICATE_METHOD_MATCH = YES;
				COPY_PHASE_STRIP = NO;
				DEBUG_INFORMATION_FORMAT = "dwarf-with-dsym";
				ENABLE_NS_ASSERTIONS = NO;
				ENABLE_STRICT_OBJC_MSGSEND = YES;
				ENABLE_USER_SCRIPT_SANDBOXING = YES;
				GCC_C_LANGUAGE_STANDARD = gnu17;
				GCC_NO_COMMON_BLOCKS = YES;
				GCC_WARN_64_TO_32_BIT_CONVERSION = YES;
				GCC_WARN_ABOUT_RETURN_TYPE = YES_ERROR;
				GCC_WARN_UNDECLARED_SELECTOR = YES;
				GCC_WARN_UNINITIALIZED_AUTOS = YES_AGGRESSIVE;
				GCC_WARN_UNUSED_FUNCTION = YES;
				GCC_WARN_UNUSED_VARIABLE = YES;
				IPHONEOS_DEPLOYMENT_TARGET = 17.5;
				LOCALIZATION_PREFERS_STRING_CATALOGS = YES;
				MTL_ENABLE_DEBUG_INFO = NO;
				MTL_FAST_MATH = YES;
				SDKROOT = iphoneos;
				SWIFT_COMPILATION_MODE = wholemodule;
				VALIDATE_PRODUCT = YES;
			};
			name = Release;
		};
		1D999D562CE0BADC004A4029 /* Debug */ = {
			isa = XCBuildConfiguration;
			buildSettings = {
				ASSETCATALOG_COMPILER_APPICON_NAME = AppIcon;
				ASSETCATALOG_COMPILER_GLOBAL_ACCENT_COLOR_NAME = AccentColor;
				BASE_URL = "https://api.openweathermap.org/data/2.5";
				CODE_SIGN_STYLE = Automatic;
				CURRENT_PROJECT_VERSION = 1;
				DEVELOPMENT_TEAM = D2Z7W8F79Y;
				GENERATE_INFOPLIST_FILE = YES;
				INFOPLIST_FILE = Buttwink/Resource/info.plist;
				INFOPLIST_KEY_UIApplicationSupportsIndirectInputEvents = YES;
				INFOPLIST_KEY_UILaunchStoryboardName = LaunchScreen;
				INFOPLIST_KEY_UISupportedInterfaceOrientations_iPad = "UIInterfaceOrientationPortrait UIInterfaceOrientationPortraitUpsideDown UIInterfaceOrientationLandscapeLeft UIInterfaceOrientationLandscapeRight";
				INFOPLIST_KEY_UISupportedInterfaceOrientations_iPhone = "UIInterfaceOrientationPortrait UIInterfaceOrientationLandscapeLeft UIInterfaceOrientationLandscapeRight";
				LD_RUNPATH_SEARCH_PATHS = (
					"$(inherited)",
					"@executable_path/Frameworks",
				);
				MARKETING_VERSION = 1.0;
				PRODUCT_BUNDLE_IDENTIFIER = None.Buttwink;
				PRODUCT_NAME = "$(TARGET_NAME)";
				SWIFT_EMIT_LOC_STRINGS = YES;
				SWIFT_VERSION = 5.0;
				TARGETED_DEVICE_FAMILY = "1,2";
			};
			name = Debug;
		};
		1D999D572CE0BADC004A4029 /* Release */ = {
			isa = XCBuildConfiguration;
			buildSettings = {
				ASSETCATALOG_COMPILER_APPICON_NAME = AppIcon;
				ASSETCATALOG_COMPILER_GLOBAL_ACCENT_COLOR_NAME = AccentColor;
				BASE_URL = "https://api.openweathermap.org/data/2.5";
				CODE_SIGN_STYLE = Automatic;
				CURRENT_PROJECT_VERSION = 1;
				DEVELOPMENT_TEAM = D2Z7W8F79Y;
				GENERATE_INFOPLIST_FILE = YES;
				INFOPLIST_FILE = Buttwink/Resource/info.plist;
				INFOPLIST_KEY_UIApplicationSupportsIndirectInputEvents = YES;
				INFOPLIST_KEY_UILaunchStoryboardName = LaunchScreen;
				INFOPLIST_KEY_UISupportedInterfaceOrientations_iPad = "UIInterfaceOrientationPortrait UIInterfaceOrientationPortraitUpsideDown UIInterfaceOrientationLandscapeLeft UIInterfaceOrientationLandscapeRight";
				INFOPLIST_KEY_UISupportedInterfaceOrientations_iPhone = "UIInterfaceOrientationPortrait UIInterfaceOrientationLandscapeLeft UIInterfaceOrientationLandscapeRight";
				LD_RUNPATH_SEARCH_PATHS = (
					"$(inherited)",
					"@executable_path/Frameworks",
				);
				MARKETING_VERSION = 1.0;
				PRODUCT_BUNDLE_IDENTIFIER = None.Buttwink;
				PRODUCT_NAME = "$(TARGET_NAME)";
				SWIFT_EMIT_LOC_STRINGS = YES;
				SWIFT_VERSION = 5.0;
				TARGETED_DEVICE_FAMILY = "1,2";
			};
			name = Release;
		};
/* End XCBuildConfiguration section */

/* Begin XCConfigurationList section */
		1D8917182D22C90D00FC5F77 /* Build configuration list for PBXNativeTarget "ButtwinkTests" */ = {
			isa = XCConfigurationList;
			buildConfigurations = (
				1D8917192D22C90D00FC5F77 /* Debug */,
				1D89171A2D22C90D00FC5F77 /* Release */,
			);
			defaultConfigurationIsVisible = 0;
			defaultConfigurationName = Release;
		};
		1D999D3C2CE0BADA004A4029 /* Build configuration list for PBXProject "Buttwink" */ = {
			isa = XCConfigurationList;
			buildConfigurations = (
				1D999D532CE0BADC004A4029 /* Debug */,
				1D999D542CE0BADC004A4029 /* Release */,
			);
			defaultConfigurationIsVisible = 0;
			defaultConfigurationName = Release;
		};
		1D999D552CE0BADC004A4029 /* Build configuration list for PBXNativeTarget "Buttwink" */ = {
			isa = XCConfigurationList;
			buildConfigurations = (
				1D999D562CE0BADC004A4029 /* Debug */,
				1D999D572CE0BADC004A4029 /* Release */,
			);
			defaultConfigurationIsVisible = 0;
			defaultConfigurationName = Release;
		};
/* End XCConfigurationList section */

/* Begin XCRemoteSwiftPackageReference section */
		1D0D98B12D09ABFA00ACB167 /* XCRemoteSwiftPackageReference "Swinject" */ = {
			isa = XCRemoteSwiftPackageReference;
			repositoryURL = "https://github.com/Swinject/Swinject.git";
			requirement = {
				kind = upToNextMajorVersion;
				minimumVersion = 2.9.1;
			};
		};
		1D7BB1E02CF472C00023AC1C /* XCRemoteSwiftPackageReference "Kingfisher" */ = {
			isa = XCRemoteSwiftPackageReference;
			repositoryURL = "https://github.com/onevcat/Kingfisher.git";
			requirement = {
				kind = upToNextMajorVersion;
				minimumVersion = 8.1.1;
			};
		};
		1D7BB1E32CF472CE0023AC1C /* XCRemoteSwiftPackageReference "SnapKit" */ = {
			isa = XCRemoteSwiftPackageReference;
			repositoryURL = "https://github.com/SnapKit/SnapKit.git";
			requirement = {
				kind = upToNextMajorVersion;
				minimumVersion = 5.7.1;
			};
		};
		1D7BB1EB2CF475280023AC1C /* XCRemoteSwiftPackageReference "ButtwinkDesignSystem" */ = {
			isa = XCRemoteSwiftPackageReference;
			repositoryURL = "https://github.com/GodSamble/ButtwinkDesignSystem";
			requirement = {
				branch = main;
				kind = branch;
			};
		};
		1D999D782CE0E2D1004A4029 /* XCRemoteSwiftPackageReference "RxSwift" */ = {
			isa = XCRemoteSwiftPackageReference;
			repositoryURL = "https://github.com/ReactiveX/RxSwift.git";
			requirement = {
				kind = upToNextMajorVersion;
				minimumVersion = 6.8.0;
			};
		};
		1DB5B7722D0AFEBA00E80768 /* XCRemoteSwiftPackageReference "sentry-cocoa" */ = {
			isa = XCRemoteSwiftPackageReference;
			repositoryURL = "https://github.com/getsentry/sentry-cocoa";
			requirement = {
				kind = upToNextMajorVersion;
				minimumVersion = 8.41.0;
			};
		};
		1DE135552CF882CB00D9F469 /* XCRemoteSwiftPackageReference "RxDataSources" */ = {
			isa = XCRemoteSwiftPackageReference;
			repositoryURL = "https://github.com/RxSwiftCommunity/RxDataSources.git";
			requirement = {
				kind = upToNextMajorVersion;
				minimumVersion = 5.0.2;
			};
		};
		1DFB78F12D0085AF00534317 /* XCRemoteSwiftPackageReference "Moya" */ = {
			isa = XCRemoteSwiftPackageReference;
			repositoryURL = "https://github.com/Moya/Moya.git";
			requirement = {
				kind = upToNextMajorVersion;
				minimumVersion = 15.0.3;
			};
		};
		78956D052D185CBD0074D80B /* XCRemoteSwiftPackageReference "Then" */ = {
			isa = XCRemoteSwiftPackageReference;
			repositoryURL = "https://github.com/devxoul/Then.git";
			requirement = {
				kind = upToNextMajorVersion;
				minimumVersion = 3.0.0;
			};
		};
/* End XCRemoteSwiftPackageReference section */

/* Begin XCSwiftPackageProductDependency section */
		1D0D98B22D09ABFA00ACB167 /* Swinject */ = {
			isa = XCSwiftPackageProductDependency;
			package = 1D0D98B12D09ABFA00ACB167 /* XCRemoteSwiftPackageReference "Swinject" */;
			productName = Swinject;
		};
		1D7BB1E12CF472C00023AC1C /* Kingfisher */ = {
			isa = XCSwiftPackageProductDependency;
			package = 1D7BB1E02CF472C00023AC1C /* XCRemoteSwiftPackageReference "Kingfisher" */;
			productName = Kingfisher;
		};
		1D7BB1E42CF472CE0023AC1C /* SnapKit */ = {
			isa = XCSwiftPackageProductDependency;
			package = 1D7BB1E32CF472CE0023AC1C /* XCRemoteSwiftPackageReference "SnapKit" */;
			productName = SnapKit;
		};
		1D7BB1EC2CF475280023AC1C /* DesignSystem */ = {
			isa = XCSwiftPackageProductDependency;
			package = 1D7BB1EB2CF475280023AC1C /* XCRemoteSwiftPackageReference "ButtwinkDesignSystem" */;
			productName = DesignSystem;
		};
		1D7BB1FF2CF5D7AC0023AC1C /* RxCocoa */ = {
			isa = XCSwiftPackageProductDependency;
			package = 1D999D782CE0E2D1004A4029 /* XCRemoteSwiftPackageReference "RxSwift" */;
			productName = RxCocoa;
		};
		1DB5B76E2D0AFABB00E80768 /* RxMoya */ = {
			isa = XCSwiftPackageProductDependency;
			package = 1DFB78F12D0085AF00534317 /* XCRemoteSwiftPackageReference "Moya" */;
			productName = RxMoya;
		};
		1DB5B7732D0AFEBA00E80768 /* Sentry */ = {
			isa = XCSwiftPackageProductDependency;
			package = 1DB5B7722D0AFEBA00E80768 /* XCRemoteSwiftPackageReference "sentry-cocoa" */;
			productName = Sentry;
		};
		1DB5B7772D0AFEBA00E80768 /* SentrySwiftUI */ = {
			isa = XCSwiftPackageProductDependency;
			package = 1DB5B7722D0AFEBA00E80768 /* XCRemoteSwiftPackageReference "sentry-cocoa" */;
			productName = SentrySwiftUI;
		};
		1DE135562CF882CB00D9F469 /* Differentiator */ = {
			isa = XCSwiftPackageProductDependency;
			package = 1DE135552CF882CB00D9F469 /* XCRemoteSwiftPackageReference "RxDataSources" */;
			productName = Differentiator;
		};
		1DE135582CF882CB00D9F469 /* RxDataSources */ = {
			isa = XCSwiftPackageProductDependency;
			package = 1DE135552CF882CB00D9F469 /* XCRemoteSwiftPackageReference "RxDataSources" */;
			productName = RxDataSources;
		};
		1DFB78F22D0085E600534317 /* Moya */ = {
			isa = XCSwiftPackageProductDependency;
			package = 1DFB78F12D0085AF00534317 /* XCRemoteSwiftPackageReference "Moya" */;
			productName = Moya;
		};
		78956D062D185CBD0074D80B /* Then */ = {
			isa = XCSwiftPackageProductDependency;
			package = 78956D052D185CBD0074D80B /* XCRemoteSwiftPackageReference "Then" */;
			productName = Then;
		};
/* End XCSwiftPackageProductDependency section */
	};
	rootObject = 1D999D392CE0BADA004A4029 /* Project object */;
}
